// !$*UTF8*$!
{
	archiveVersion = 1;
	classes = {
	};
	objectVersion = 46;
	objects = {

/* Begin PBXBuildFile section */
		8F52D2DF1A6AF8E700B69A2D /* main.m in Sources */ = {isa = PBXBuildFile; fileRef = 8F52D2DE1A6AF8E700B69A2D /* main.m */; };
		8F52D2E21A6AF8E700B69A2D /* AppDelegate.m in Sources */ = {isa = PBXBuildFile; fileRef = 8F52D2E11A6AF8E700B69A2D /* AppDelegate.m */; };
		8F52D2E51A6AF8E700B69A2D /* ViewController.m in Sources */ = {isa = PBXBuildFile; fileRef = 8F52D2E41A6AF8E700B69A2D /* ViewController.m */; };
		8F52D2E81A6AF8E700B69A2D /* Main.storyboard in Resources */ = {isa = PBXBuildFile; fileRef = 8F52D2E61A6AF8E700B69A2D /* Main.storyboard */; };
		8F52D2EA1A6AF8E700B69A2D /* Images.xcassets in Resources */ = {isa = PBXBuildFile; fileRef = 8F52D2E91A6AF8E700B69A2D /* Images.xcassets */; };
		8F52D2ED1A6AF8E700B69A2D /* LaunchScreen.xib in Resources */ = {isa = PBXBuildFile; fileRef = 8F52D2EB1A6AF8E700B69A2D /* LaunchScreen.xib */; };
		8F52D2F91A6AF8E800B69A2D /* Practica_1Tests.m in Sources */ = {isa = PBXBuildFile; fileRef = 8F52D2F81A6AF8E800B69A2D /* Practica_1Tests.m */; };
		8F52D3091A6AFA2700B69A2D /* lisa.png in Resources */ = {isa = PBXBuildFile; fileRef = 8F52D3031A6AFA2700B69A2D /* lisa.png */; };
		8F52D30A1A6AFA2700B69A2D /* marge.png in Resources */ = {isa = PBXBuildFile; fileRef = 8F52D3041A6AFA2700B69A2D /* marge.png */; };
		8F52D30B1A6AFA2700B69A2D /* Maggie.png in Resources */ = {isa = PBXBuildFile; fileRef = 8F52D3051A6AFA2700B69A2D /* Maggie.png */; };
		8F52D30C1A6AFA2700B69A2D /* homer.png in Resources */ = {isa = PBXBuildFile; fileRef = 8F52D3061A6AFA2700B69A2D /* homer.png */; };
		8F52D30D1A6AFA2700B69A2D /* familia.png in Resources */ = {isa = PBXBuildFile; fileRef = 8F52D3071A6AFA2700B69A2D /* familia.png */; };
		8F52D30E1A6AFA2700B69A2D /* bart.png in Resources */ = {isa = PBXBuildFile; fileRef = 8F52D3081A6AFA2700B69A2D /* bart.png */; };
		8F52D3111A6AFC0C00B69A2D /* 1421547736_circle_next_arrow_disclosure-48.png in Resources */ = {isa = PBXBuildFile; fileRef = 8F52D30F1A6AFC0C00B69A2D /* 1421547736_circle_next_arrow_disclosure-48.png */; };
		8F52D3121A6AFC0C00B69A2D /* 1421547725_circle_back_arrow-48.png in Resources */ = {isa = PBXBuildFile; fileRef = 8F52D3101A6AFC0C00B69A2D /* 1421547725_circle_back_arrow-48.png */; };
		8F52D3151A6AFE2100B69A2D /* Dependencias.m in Sources */ = {isa = PBXBuildFile; fileRef = 8F52D3141A6AFE2100B69A2D /* Dependencias.m */; };
		8F52D3171A6B027B00B69A2D /* 1421549384_back-48.png in Resources */ = {isa = PBXBuildFile; fileRef = 8F52D3161A6B027B00B69A2D /* 1421549384_back-48.png */; };
		8F52D31A1A6B039E00B69A2D /* 1421549680_circle_arrow-up-48.png in Resources */ = {isa = PBXBuildFile; fileRef = 8F52D3181A6B039E00B69A2D /* 1421549680_circle_arrow-up-48.png */; };
		8F52D31B1A6B039E00B69A2D /* 1421549595_circle_arrow-down_download-48.png in Resources */ = {isa = PBXBuildFile; fileRef = 8F52D3191A6B039E00B69A2D /* 1421549595_circle_arrow-down_download-48.png */; };
		8F52D31E1A6B04BF00B69A2D /* MostrarViewController.m in Sources */ = {isa = PBXBuildFile; fileRef = 8F52D31D1A6B04BF00B69A2D /* MostrarViewController.m */; };
		8F52D3211A6B04DE00B69A2D /* EditarViewController.m in Sources */ = {isa = PBXBuildFile; fileRef = 8F52D3201A6B04DE00B69A2D /* EditarViewController.m */; };
/* End PBXBuildFile section */

/* Begin PBXContainerItemProxy section */
		8F52D2F31A6AF8E800B69A2D /* PBXContainerItemProxy */ = {
			isa = PBXContainerItemProxy;
			containerPortal = 8F52D2D11A6AF8E700B69A2D /* Project object */;
			proxyType = 1;
			remoteGlobalIDString = 8F52D2D81A6AF8E700B69A2D;
			remoteInfo = "Practica 1";
		};
/* End PBXContainerItemProxy section */

/* Begin PBXFileReference section */
		8F52D2D91A6AF8E700B69A2D /* Practica 1.app */ = {isa = PBXFileReference; explicitFileType = wrapper.application; includeInIndex = 0; path = "Practica 1.app"; sourceTree = BUILT_PRODUCTS_DIR; };
		8F52D2DD1A6AF8E700B69A2D /* Info.plist */ = {isa = PBXFileReference; lastKnownFileType = text.plist.xml; path = Info.plist; sourceTree = "<group>"; };
		8F52D2DE1A6AF8E700B69A2D /* main.m */ = {isa = PBXFileReference; lastKnownFileType = sourcecode.c.objc; path = main.m; sourceTree = "<group>"; };
		8F52D2E01A6AF8E700B69A2D /* AppDelegate.h */ = {isa = PBXFileReference; lastKnownFileType = sourcecode.c.h; path = AppDelegate.h; sourceTree = "<group>"; };
		8F52D2E11A6AF8E700B69A2D /* AppDelegate.m */ = {isa = PBXFileReference; lastKnownFileType = sourcecode.c.objc; path = AppDelegate.m; sourceTree = "<group>"; };
		8F52D2E31A6AF8E700B69A2D /* ViewController.h */ = {isa = PBXFileReference; lastKnownFileType = sourcecode.c.h; path = ViewController.h; sourceTree = "<group>"; };
		8F52D2E41A6AF8E700B69A2D /* ViewController.m */ = {isa = PBXFileReference; lastKnownFileType = sourcecode.c.objc; path = ViewController.m; sourceTree = "<group>"; };
		8F52D2E71A6AF8E700B69A2D /* Base */ = {isa = PBXFileReference; lastKnownFileType = file.storyboard; name = Base; path = Base.lproj/Main.storyboard; sourceTree = "<group>"; };
		8F52D2E91A6AF8E700B69A2D /* Images.xcassets */ = {isa = PBXFileReference; lastKnownFileType = folder.assetcatalog; path = Images.xcassets; sourceTree = "<group>"; };
		8F52D2EC1A6AF8E700B69A2D /* Base */ = {isa = PBXFileReference; lastKnownFileType = file.xib; name = Base; path = Base.lproj/LaunchScreen.xib; sourceTree = "<group>"; };
		8F52D2F21A6AF8E800B69A2D /* Practica 1Tests.xctest */ = {isa = PBXFileReference; explicitFileType = wrapper.cfbundle; includeInIndex = 0; path = "Practica 1Tests.xctest"; sourceTree = BUILT_PRODUCTS_DIR; };
		8F52D2F71A6AF8E800B69A2D /* Info.plist */ = {isa = PBXFileReference; lastKnownFileType = text.plist.xml; path = Info.plist; sourceTree = "<group>"; };
		8F52D2F81A6AF8E800B69A2D /* Practica_1Tests.m */ = {isa = PBXFileReference; lastKnownFileType = sourcecode.c.objc; path = Practica_1Tests.m; sourceTree = "<group>"; };
		8F52D3031A6AFA2700B69A2D /* lisa.png */ = {isa = PBXFileReference; lastKnownFileType = image.png; path = lisa.png; sourceTree = "<group>"; };
		8F52D3041A6AFA2700B69A2D /* marge.png */ = {isa = PBXFileReference; lastKnownFileType = image.png; path = marge.png; sourceTree = "<group>"; };
		8F52D3051A6AFA2700B69A2D /* Maggie.png */ = {isa = PBXFileReference; lastKnownFileType = image.png; path = Maggie.png; sourceTree = "<group>"; };
		8F52D3061A6AFA2700B69A2D /* homer.png */ = {isa = PBXFileReference; lastKnownFileType = image.png; path = homer.png; sourceTree = "<group>"; };
		8F52D3071A6AFA2700B69A2D /* familia.png */ = {isa = PBXFileReference; lastKnownFileType = image.png; path = familia.png; sourceTree = "<group>"; };
		8F52D3081A6AFA2700B69A2D /* bart.png */ = {isa = PBXFileReference; lastKnownFileType = image.png; path = bart.png; sourceTree = "<group>"; };
		8F52D30F1A6AFC0C00B69A2D /* 1421547736_circle_next_arrow_disclosure-48.png */ = {isa = PBXFileReference; lastKnownFileType = image.png; path = "1421547736_circle_next_arrow_disclosure-48.png"; sourceTree = "<group>"; };
		8F52D3101A6AFC0C00B69A2D /* 1421547725_circle_back_arrow-48.png */ = {isa = PBXFileReference; lastKnownFileType = image.png; path = "1421547725_circle_back_arrow-48.png"; sourceTree = "<group>"; };
		8F52D3131A6AFE2100B69A2D /* Dependencias.h */ = {isa = PBXFileReference; fileEncoding = 4; lastKnownFileType = sourcecode.c.h; name = Dependencias.h; path = ../Dependencias.h; sourceTree = "<group>"; };
		8F52D3141A6AFE2100B69A2D /* Dependencias.m */ = {isa = PBXFileReference; fileEncoding = 4; lastKnownFileType = sourcecode.c.objc; name = Dependencias.m; path = ../Dependencias.m; sourceTree = "<group>"; };
		8F52D3161A6B027B00B69A2D /* 1421549384_back-48.png */ = {isa = PBXFileReference; lastKnownFileType = image.png; path = "1421549384_back-48.png"; sourceTree = "<group>"; };
		8F52D3181A6B039E00B69A2D /* 1421549680_circle_arrow-up-48.png */ = {isa = PBXFileReference; lastKnownFileType = image.png; path = "1421549680_circle_arrow-up-48.png"; sourceTree = "<group>"; };
		8F52D3191A6B039E00B69A2D /* 1421549595_circle_arrow-down_download-48.png */ = {isa = PBXFileReference; lastKnownFileType = image.png; path = "1421549595_circle_arrow-down_download-48.png"; sourceTree = "<group>"; };
		8F52D31C1A6B04BF00B69A2D /* MostrarViewController.h */ = {isa = PBXFileReference; fileEncoding = 4; lastKnownFileType = sourcecode.c.h; name = MostrarViewController.h; path = ../MostrarViewController.h; sourceTree = "<group>"; };
		8F52D31D1A6B04BF00B69A2D /* MostrarViewController.m */ = {isa = PBXFileReference; fileEncoding = 4; lastKnownFileType = sourcecode.c.objc; name = MostrarViewController.m; path = ../MostrarViewController.m; sourceTree = "<group>"; };
		8F52D31F1A6B04DE00B69A2D /* EditarViewController.h */ = {isa = PBXFileReference; fileEncoding = 4; lastKnownFileType = sourcecode.c.h; name = EditarViewController.h; path = ../EditarViewController.h; sourceTree = "<group>"; };
		8F52D3201A6B04DE00B69A2D /* EditarViewController.m */ = {isa = PBXFileReference; fileEncoding = 4; lastKnownFileType = sourcecode.c.objc; name = EditarViewController.m; path = ../EditarViewController.m; sourceTree = "<group>"; };
/* End PBXFileReference section */

/* Begin PBXFrameworksBuildPhase section */
		8F52D2D61A6AF8E700B69A2D /* Frameworks */ = {
			isa = PBXFrameworksBuildPhase;
			buildActionMask = 2147483647;
			files = (
			);
			runOnlyForDeploymentPostprocessing = 0;
		};
		8F52D2EF1A6AF8E700B69A2D /* Frameworks */ = {
			isa = PBXFrameworksBuildPhase;
			buildActionMask = 2147483647;
			files = (
			);
			runOnlyForDeploymentPostprocessing = 0;
		};
/* End PBXFrameworksBuildPhase section */

/* Begin PBXGroup section */
		8F52D2D01A6AF8E600B69A2D = {
			isa = PBXGroup;
			children = (
				8F52D2DB1A6AF8E700B69A2D /* Practica 1 */,
				8F52D2F51A6AF8E800B69A2D /* Practica 1Tests */,
				8F52D2DA1A6AF8E700B69A2D /* Products */,
			);
			sourceTree = "<group>";
		};
		8F52D2DA1A6AF8E700B69A2D /* Products */ = {
			isa = PBXGroup;
			children = (
				8F52D2D91A6AF8E700B69A2D /* Practica 1.app */,
				8F52D2F21A6AF8E800B69A2D /* Practica 1Tests.xctest */,
			);
			name = Products;
			sourceTree = "<group>";
		};
		8F52D2DB1A6AF8E700B69A2D /* Practica 1 */ = {
			isa = PBXGroup;
			children = (
				8F52D3021A6AFA1900B69A2D /* images */,
				8F52D2E01A6AF8E700B69A2D /* AppDelegate.h */,
				8F52D2E11A6AF8E700B69A2D /* AppDelegate.m */,
				8F52D31F1A6B04DE00B69A2D /* EditarViewController.h */,
				8F52D3201A6B04DE00B69A2D /* EditarViewController.m */,
				8F52D31C1A6B04BF00B69A2D /* MostrarViewController.h */,
				8F52D31D1A6B04BF00B69A2D /* MostrarViewController.m */,
				8F52D2E31A6AF8E700B69A2D /* ViewController.h */,
				8F52D3131A6AFE2100B69A2D /* Dependencias.h */,
				8F52D3141A6AFE2100B69A2D /* Dependencias.m */,
				8F52D2E41A6AF8E700B69A2D /* ViewController.m */,
				8F52D2E61A6AF8E700B69A2D /* Main.storyboard */,
				8F52D2E91A6AF8E700B69A2D /* Images.xcassets */,
				8F52D2EB1A6AF8E700B69A2D /* LaunchScreen.xib */,
				8F52D2DC1A6AF8E700B69A2D /* Supporting Files */,
			);
			path = "Practica 1";
			sourceTree = "<group>";
		};
		8F52D2DC1A6AF8E700B69A2D /* Supporting Files */ = {
			isa = PBXGroup;
			children = (
				8F52D2DD1A6AF8E700B69A2D /* Info.plist */,
				8F52D2DE1A6AF8E700B69A2D /* main.m */,
			);
			name = "Supporting Files";
			sourceTree = "<group>";
		};
		8F52D2F51A6AF8E800B69A2D /* Practica 1Tests */ = {
			isa = PBXGroup;
			children = (
				8F52D2F81A6AF8E800B69A2D /* Practica_1Tests.m */,
				8F52D2F61A6AF8E800B69A2D /* Supporting Files */,
			);
			path = "Practica 1Tests";
			sourceTree = "<group>";
		};
		8F52D2F61A6AF8E800B69A2D /* Supporting Files */ = {
			isa = PBXGroup;
			children = (
				8F52D2F71A6AF8E800B69A2D /* Info.plist */,
			);
			name = "Supporting Files";
			sourceTree = "<group>";
		};
		8F52D3021A6AFA1900B69A2D /* images */ = {
			isa = PBXGroup;
			children = (
				8F52D3181A6B039E00B69A2D /* 1421549680_circle_arrow-up-48.png */,
				8F52D3191A6B039E00B69A2D /* 1421549595_circle_arrow-down_download-48.png */,
				8F52D3161A6B027B00B69A2D /* 1421549384_back-48.png */,
				8F52D30F1A6AFC0C00B69A2D /* 1421547736_circle_next_arrow_disclosure-48.png */,
				8F52D3101A6AFC0C00B69A2D /* 1421547725_circle_back_arrow-48.png */,
				8F52D3031A6AFA2700B69A2D /* lisa.png */,
				8F52D3041A6AFA2700B69A2D /* marge.png */,
				8F52D3051A6AFA2700B69A2D /* Maggie.png */,
				8F52D3061A6AFA2700B69A2D /* homer.png */,
				8F52D3071A6AFA2700B69A2D /* familia.png */,
				8F52D3081A6AFA2700B69A2D /* bart.png */,
			);
			name = images;
			sourceTree = "<group>";
		};
/* End PBXGroup section */

/* Begin PBXNativeTarget section */
		8F52D2D81A6AF8E700B69A2D /* Practica 1 */ = {
			isa = PBXNativeTarget;
			buildConfigurationList = 8F52D2FC1A6AF8E800B69A2D /* Build configuration list for PBXNativeTarget "Practica 1" */;
			buildPhases = (
				8F52D2D51A6AF8E700B69A2D /* Sources */,
				8F52D2D61A6AF8E700B69A2D /* Frameworks */,
				8F52D2D71A6AF8E700B69A2D /* Resources */,
			);
			buildRules = (
			);
			dependencies = (
			);
			name = "Practica 1";
			productName = "Practica 1";
			productReference = 8F52D2D91A6AF8E700B69A2D /* Practica 1.app */;
			productType = "com.apple.product-type.application";
		};
		8F52D2F11A6AF8E700B69A2D /* Practica 1Tests */ = {
			isa = PBXNativeTarget;
			buildConfigurationList = 8F52D2FF1A6AF8E800B69A2D /* Build configuration list for PBXNativeTarget "Practica 1Tests" */;
			buildPhases = (
				8F52D2EE1A6AF8E700B69A2D /* Sources */,
				8F52D2EF1A6AF8E700B69A2D /* Frameworks */,
				8F52D2F01A6AF8E700B69A2D /* Resources */,
			);
			buildRules = (
			);
			dependencies = (
				8F52D2F41A6AF8E800B69A2D /* PBXTargetDependency */,
			);
			name = "Practica 1Tests";
			productName = "Practica 1Tests";
			productReference = 8F52D2F21A6AF8E800B69A2D /* Practica 1Tests.xctest */;
			productType = "com.apple.product-type.bundle.unit-test";
		};
/* End PBXNativeTarget section */

/* Begin PBXProject section */
		8F52D2D11A6AF8E700B69A2D /* Project object */ = {
			isa = PBXProject;
			attributes = {
				LastUpgradeCheck = 0610;
				ORGANIZATIONNAME = TRON;
				TargetAttributes = {
					8F52D2D81A6AF8E700B69A2D = {
						CreatedOnToolsVersion = 6.1.1;
					};
					8F52D2F11A6AF8E700B69A2D = {
						CreatedOnToolsVersion = 6.1.1;
						TestTargetID = 8F52D2D81A6AF8E700B69A2D;
					};
				};
			};
			buildConfigurationList = 8F52D2D41A6AF8E700B69A2D /* Build configuration list for PBXProject "Practica 1" */;
			compatibilityVersion = "Xcode 3.2";
			developmentRegion = English;
			hasScannedForEncodings = 0;
			knownRegions = (
				en,
				Base,
			);
			mainGroup = 8F52D2D01A6AF8E600B69A2D;
			productRefGroup = 8F52D2DA1A6AF8E700B69A2D /* Products */;
			projectDirPath = "";
			projectRoot = "";
			targets = (
				8F52D2D81A6AF8E700B69A2D /* Practica 1 */,
				8F52D2F11A6AF8E700B69A2D /* Practica 1Tests */,
			);
		};
/* End PBXProject section */

/* Begin PBXResourcesBuildPhase section */
		8F52D2D71A6AF8E700B69A2D /* Resources */ = {
			isa = PBXResourcesBuildPhase;
			buildActionMask = 2147483647;
			files = (
				8F52D31B1A6B039E00B69A2D /* 1421549595_circle_arrow-down_download-48.png in Resources */,
				8F52D3121A6AFC0C00B69A2D /* 1421547725_circle_back_arrow-48.png in Resources */,
				8F52D3091A6AFA2700B69A2D /* lisa.png in Resources */,
				8F52D30D1A6AFA2700B69A2D /* familia.png in Resources */,
				8F52D3171A6B027B00B69A2D /* 1421549384_back-48.png in Resources */,
				8F52D30E1A6AFA2700B69A2D /* bart.png in Resources */,
				8F52D3111A6AFC0C00B69A2D /* 1421547736_circle_next_arrow_disclosure-48.png in Resources */,
				8F52D2E81A6AF8E700B69A2D /* Main.storyboard in Resources */,
				8F52D30A1A6AFA2700B69A2D /* marge.png in Resources */,
				8F52D2ED1A6AF8E700B69A2D /* LaunchScreen.xib in Resources */,
				8F52D31A1A6B039E00B69A2D /* 1421549680_circle_arrow-up-48.png in Resources */,
				8F52D2EA1A6AF8E700B69A2D /* Images.xcassets in Resources */,
				8F52D30B1A6AFA2700B69A2D /* Maggie.png in Resources */,
				8F52D30C1A6AFA2700B69A2D /* homer.png in Resources */,
			);
			runOnlyForDeploymentPostprocessing = 0;
		};
		8F52D2F01A6AF8E700B69A2D /* Resources */ = {
			isa = PBXResourcesBuildPhase;
			buildActionMask = 2147483647;
			files = (
			);
			runOnlyForDeploymentPostprocessing = 0;
		};
/* End PBXResourcesBuildPhase section */

/* Begin PBXSourcesBuildPhase section */
		8F52D2D51A6AF8E700B69A2D /* Sources */ = {
			isa = PBXSourcesBuildPhase;
			buildActionMask = 2147483647;
			files = (
				8F52D3151A6AFE2100B69A2D /* Dependencias.m in Sources */,
				8F52D2E51A6AF8E700B69A2D /* ViewController.m in Sources */,
				8F52D31E1A6B04BF00B69A2D /* MostrarViewController.m in Sources */,
				8F52D3211A6B04DE00B69A2D /* EditarViewController.m in Sources */,
				8F52D2E21A6AF8E700B69A2D /* AppDelegate.m in Sources */,
				8F52D2DF1A6AF8E700B69A2D /* main.m in Sources */,
			);
			runOnlyForDeploymentPostprocessing = 0;
		};
		8F52D2EE1A6AF8E700B69A2D /* Sources */ = {
			isa = PBXSourcesBuildPhase;
			buildActionMask = 2147483647;
			files = (
				8F52D2F91A6AF8E800B69A2D /* Practica_1Tests.m in Sources */,
			);
			runOnlyForDeploymentPostprocessing = 0;
		};
/* End PBXSourcesBuildPhase section */

/* Begin PBXTargetDependency section */
		8F52D2F41A6AF8E800B69A2D /* PBXTargetDependency */ = {
			isa = PBXTargetDependency;
			target = 8F52D2D81A6AF8E700B69A2D /* Practica 1 */;
			targetProxy = 8F52D2F31A6AF8E800B69A2D /* PBXContainerItemProxy */;
		};
/* End PBXTargetDependency section */

/* Begin PBXVariantGroup section */
		8F52D2E61A6AF8E700B69A2D /* Main.storyboard */ = {
			isa = PBXVariantGroup;
			children = (
				8F52D2E71A6AF8E700B69A2D /* Base */,
			);
			name = Main.storyboard;
			sourceTree = "<group>";
		};
		8F52D2EB1A6AF8E700B69A2D /* LaunchScreen.xib */ = {
			isa = PBXVariantGroup;
			children = (
				8F52D2EC1A6AF8E700B69A2D /* Base */,
			);
			name = LaunchScreen.xib;
			sourceTree = "<group>";
		};
/* End PBXVariantGroup section */

/* Begin XCBuildConfiguration section */
		8F52D2FA1A6AF8E800B69A2D /* Debug */ = {
			isa = XCBuildConfiguration;
			buildSettings = {
				ALWAYS_SEARCH_USER_PATHS = NO;
				CLANG_CXX_LANGUAGE_STANDARD = "gnu++0x";
				CLANG_CXX_LIBRARY = "libc++";
				CLANG_ENABLE_MODULES = YES;
				CLANG_ENABLE_OBJC_ARC = YES;
				CLANG_WARN_BOOL_CONVERSION = YES;
				CLANG_WARN_CONSTANT_CONVERSION = YES;
				CLANG_WARN_DIRECT_OBJC_ISA_USAGE = YES_ERROR;
				CLANG_WARN_EMPTY_BODY = YES;
				CLANG_WARN_ENUM_CONVERSION = YES;
				CLANG_WARN_INT_CONVERSION = YES;
				CLANG_WARN_OBJC_ROOT_CLASS = YES_ERROR;
				CLANG_WARN_UNREACHABLE_CODE = YES;
				CLANG_WARN__DUPLICATE_METHOD_MATCH = YES;
				"CODE_SIGN_IDENTITY[sdk=iphoneos*]" = "iPhone Developer";
				COPY_PHASE_STRIP = NO;
				ENABLE_STRICT_OBJC_MSGSEND = YES;
				GCC_C_LANGUAGE_STANDARD = gnu99;
				GCC_DYNAMIC_NO_PIC = NO;
				GCC_OPTIMIZATION_LEVEL = 0;
				GCC_PREPROCESSOR_DEFINITIONS = (
					"DEBUG=1",
					"$(inherited)",
				);
				GCC_SYMBOLS_PRIVATE_EXTERN = NO;
				GCC_WARN_64_TO_32_BIT_CONVERSION = YES;
				GCC_WARN_ABOUT_RETURN_TYPE = YES_ERROR;
				GCC_WARN_UNDECLARED_SELECTOR = YES;
				GCC_WARN_UNINITIALIZED_AUTOS = YES_AGGRESSIVE;
				GCC_WARN_UNUSED_FUNCTION = YES;
				GCC_WARN_UNUSED_VARIABLE = YES;
				IPHONEOS_DEPLOYMENT_TARGET = 8.1;
				MTL_ENABLE_DEBUG_INFO = YES;
				ONLY_ACTIVE_ARCH = YES;
				SDKROOT = iphoneos;
			};
			name = Debug;
		};
		8F52D2FB1A6AF8E800B69A2D /* Release */ = {
			isa = XCBuildConfiguration;
			buildSettings = {
				ALWAYS_SEARCH_USER_PATHS = NO;
				CLANG_CXX_LANGUAGE_STANDARD = "gnu++0x";
				CLANG_CXX_LIBRARY = "libc++";
				CLANG_ENABLE_MODULES = YES;
				CLANG_ENABLE_OBJC_ARC = YES;
				CLANG_WARN_BOOL_CONVERSION = YES;
				CLANG_WARN_CONSTANT_CONVERSION = YES;
				CLANG_WARN_DIRECT_OBJC_ISA_USAGE = YES_ERROR;
				CLANG_WARN_EMPTY_BODY = YES;
				CLANG_WARN_ENUM_CONVERSION = YES;
				CLANG_WARN_INT_CONVERSION = YES;
				CLANG_WARN_OBJC_ROOT_CLASS = YES_ERROR;
				CLANG_WARN_UNREACHABLE_CODE = YES;
				CLANG_WARN__DUPLICATE_METHOD_MATCH = YES;
				"CODE_SIGN_IDENTITY[sdk=iphoneos*]" = "iPhone Developer";
				COPY_PHASE_STRIP = YES;
				ENABLE_NS_ASSERTIONS = NO;
				ENABLE_STRICT_OBJC_MSGSEND = YES;
				GCC_C_LANGUAGE_STANDARD = gnu99;
				GCC_WARN_64_TO_32_BIT_CONVERSION = YES;
				GCC_WARN_ABOUT_RETURN_TYPE = YES_ERROR;
				GCC_WARN_UNDECLARED_SELECTOR = YES;
				GCC_WARN_UNINITIALIZED_AUTOS = YES_AGGRESSIVE;
				GCC_WARN_UNUSED_FUNCTION = YES;
				GCC_WARN_UNUSED_VARIABLE = YES;
				IPHONEOS_DEPLOYMENT_TARGET = 8.1;
				MTL_ENABLE_DEBUG_INFO = NO;
				SDKROOT = iphoneos;
				VALIDATE_PRODUCT = YES;
			};
			name = Release;
		};
		8F52D2FD1A6AF8E800B69A2D /* Debug */ = {
			isa = XCBuildConfiguration;
			buildSettings = {
				ASSETCATALOG_COMPILER_APPICON_NAME = AppIcon;
				INFOPLIST_FILE = "Practica 1/Info.plist";
				IPHONEOS_DEPLOYMENT_TARGET = 8.0;
				LD_RUNPATH_SEARCH_PATHS = "$(inherited) @executable_path/Frameworks";
				PRODUCT_NAME = "$(TARGET_NAME)";
			};
			name = Debug;
		};
		8F52D2FE1A6AF8E800B69A2D /* Release */ = {
			isa = XCBuildConfiguration;
			buildSettings = {
				ASSETCATALOG_COMPILER_APPICON_NAME = AppIcon;
				INFOPLIST_FILE = "Practica 1/Info.plist";
				IPHONEOS_DEPLOYMENT_TARGET = 8.0;
				LD_RUNPATH_SEARCH_PATHS = "$(inherited) @executable_path/Frameworks";
				PRODUCT_NAME = "$(TARGET_NAME)";
			};
			name = Release;
		};
		8F52D3001A6AF8E800B69A2D /* Debug */ = {
			isa = XCBuildConfiguration;
			buildSettings = {
				BUNDLE_LOADER = "$(TEST_HOST)";
				FRAMEWORK_SEARCH_PATHS = (
					"$(SDKROOT)/Developer/Library/Frameworks",
					"$(inherited)",
				);
				GCC_PREPROCESSOR_DEFINITIONS = (
					"DEBUG=1",
					"$(inherited)",
				);
				INFOPLIST_FILE = "Practica 1Tests/Info.plist";
				LD_RUNPATH_SEARCH_PATHS = "$(inherited) @executable_path/Frameworks @loader_path/Frameworks";
				PRODUCT_NAME = "$(TARGET_NAME)";
				TEST_HOST = "$(BUILT_PRODUCTS_DIR)/Practica 1.app/Practica 1";
			};
			name = Debug;
		};
		8F52D3011A6AF8E800B69A2D /* Release */ = {
			isa = XCBuildConfiguration;
			buildSettings = {
				BUNDLE_LOADER = "$(TEST_HOST)";
				FRAMEWORK_SEARCH_PATHS = (
					"$(SDKROOT)/Developer/Library/Frameworks",
					"$(inherited)",
				);
				INFOPLIST_FILE = "Practica 1Tests/Info.plist";
				LD_RUNPATH_SEARCH_PATHS = "$(inherited) @executable_path/Frameworks @loader_path/Frameworks";
				PRODUCT_NAME = "$(TARGET_NAME)";
				TEST_HOST = "$(BUILT_PRODUCTS_DIR)/Practica 1.app/Practica 1";
			};
			name = Release;
		};
/* End XCBuildConfiguration section */

/* Begin XCConfigurationList section */
		8F52D2D41A6AF8E700B69A2D /* Build configuration list for PBXProject "Practica 1" */ = {
			isa = XCConfigurationList;
			buildConfigurations = (
				8F52D2FA1A6AF8E800B69A2D /* Debug */,
				8F52D2FB1A6AF8E800B69A2D /* Release */,
			);
			defaultConfigurationIsVisible = 0;
			defaultConfigurationName = Release;
		};
		8F52D2FC1A6AF8E800B69A2D /* Build configuration list for PBXNativeTarget "Practica 1" */ = {
			isa = XCConfigurationList;
			buildConfigurations = (
				8F52D2FD1A6AF8E800B69A2D /* Debug */,
				8F52D2FE1A6AF8E800B69A2D /* Release */,
			);
			defaultConfigurationIsVisible = 0;
		};
		8F52D2FF1A6AF8E800B69A2D /* Build configuration list for PBXNativeTarget "Practica 1Tests" */ = {
			isa = XCConfigurationList;
			buildConfigurations = (
				8F52D3001A6AF8E800B69A2D /* Debug */,
				8F52D3011A6AF8E800B69A2D /* Release */,
			);
			defaultConfigurationIsVisible = 0;
		};
/* End XCConfigurationList section */
	};
	rootObject = 8F52D2D11A6AF8E700B69A2D /* Project object */;
}
